
Microsoft Visual Studio Solution File, Format Version 12.00
# Visual Studio Version 17
VisualStudioVersion = 17.8.34408.163
MinimumVisualStudioVersion = 10.0.40219.1
Project("{FAE04EC0-301F-11D3-BF4B-00C04F79EFBC}") = "Pictogram", "Pictogram\Pictogram.csproj", "{A93342AF-B2CE-49E5-B2C1-BD9803F04DFD}"
EndProject
Global
	GlobalSection(SolutionConfigurationPlatforms) = preSolution
		Debug|Any CPU = Debug|Any CPU
		Release|Any CPU = Release|Any CPU
	EndGlobalSection
	GlobalSection(ProjectConfigurationPlatforms) = postSolution
		{A93342AF-B2CE-49E5-B2C1-BD9803F04DFD}.Debug|Any CPU.ActiveCfg = Debug|Any CPU
		{A93342AF-B2CE-49E5-B2C1-BD9803F04DFD}.Debug|Any CPU.Build.0 = Debug|Any CPU
		{A93342AF-B2CE-49E5-B2C1-BD9803F04DFD}.Release|Any CPU.ActiveCfg = Release|Any CPU
		{A93342AF-B2CE-49E5-B2C1-BD9803F04DFD}.Release|Any CPU.Build.0 = Release|Any CPU
	EndGlobalSection
	GlobalSection(SolutionProperties) = preSolution
		HideSolutionNode = FALSE
	EndGlobalSection
	GlobalSection(ExtensibilityGlobals) = postSolution
		SolutionGuid = {76844811-D40C-49B8-9E40-9C0CA935D3C7}
	EndGlobalSection
EndGlobal
